
Microsoft Visual Studio Solution File, Format Version 12.00
# Visual Studio Version 17
VisualStudioVersion = 17.13.35818.85 d17.13
MinimumVisualStudioVersion = 10.0.40219.1
Project("{FAE04EC0-301F-11D3-BF4B-00C04F79EFBC}") = "Lab2II", "Lab2II\Lab2II.csproj", "{1BC2500F-4C41-4C55-8DF8-0D8488A5E26F}"
EndProject
Global
	GlobalSection(SolutionConfigurationPlatforms) = preSolution
		Debug|Any CPU = Debug|Any CPU
		Release|Any CPU = Release|Any CPU
	EndGlobalSection
	GlobalSection(ProjectConfigurationPlatforms) = postSolution
		{1BC2500F-4C41-4C55-8DF8-0D8488A5E26F}.Debug|Any CPU.ActiveCfg = Debug|Any CPU
		{1BC2500F-4C41-4C55-8DF8-0D8488A5E26F}.Debug|Any CPU.Build.0 = Debug|Any CPU
		{1BC2500F-4C41-4C55-8DF8-0D8488A5E26F}.Release|Any CPU.ActiveCfg = Release|Any CPU
		{1BC2500F-4C41-4C55-8DF8-0D8488A5E26F}.Release|Any CPU.Build.0 = Release|Any CPU
	EndGlobalSection
	GlobalSection(SolutionProperties) = preSolution
		HideSolutionNode = FALSE
	EndGlobalSection
	GlobalSection(ExtensibilityGlobals) = postSolution
		SolutionGuid = {792602AE-1FAF-4A04-9FE9-AC7CA87BEAF2}
	EndGlobalSection
EndGlobal
